
Microsoft Visual Studio Solution File, Format Version 12.00
# Visual Studio Version 17
VisualStudioVersion = 17.9.34902.65
MinimumVisualStudioVersion = 10.0.40219.1
Project("{FAE04EC0-301F-11D3-BF4B-00C04F79EFBC}") = "UniversityAppAgain", "UniversityAppAgain\UniversityAppAgain.csproj", "{5633BDF5-5221-4511-A803-CD5086299868}"
EndProject
Global
	GlobalSection(SolutionConfigurationPlatforms) = preSolution
		Debug|Any CPU = Debug|Any CPU
		Release|Any CPU = Release|Any CPU
	EndGlobalSection
	GlobalSection(ProjectConfigurationPlatforms) = postSolution
		{5633BDF5-5221-4511-A803-CD5086299868}.Debug|Any CPU.ActiveCfg = Debug|Any CPU
		{5633BDF5-5221-4511-A803-CD5086299868}.Debug|Any CPU.Build.0 = Debug|Any CPU
		{5633BDF5-5221-4511-A803-CD5086299868}.Release|Any CPU.ActiveCfg = Release|Any CPU
		{5633BDF5-5221-4511-A803-CD5086299868}.Release|Any CPU.Build.0 = Release|Any CPU
	EndGlobalSection
	GlobalSection(SolutionProperties) = preSolution
		HideSolutionNode = FALSE
	EndGlobalSection
	GlobalSection(ExtensibilityGlobals) = postSolution
		SolutionGuid = {D1495799-C9B1-44BD-9D75-ED55F7E2AB0A}
	EndGlobalSection
EndGlobal
